
Microsoft Visual Studio Solution File, Format Version 12.00
# Visual Studio Version 17
VisualStudioVersion = 17.2.32602.215
MinimumVisualStudioVersion = 10.0.40219.1
Project("{FAE04EC0-301F-11D3-BF4B-00C04F79EFBC}") = "MV2FirmaDigital.Android", "MV2FirmaDigital.Android\MV2FirmaDigital.Android.csproj", "{A0F45430-6B5D-4642-8604-3F7FEBFCC58E}"
EndProject
Project("{FAE04EC0-301F-11D3-BF4B-00C04F79EFBC}") = "MV2FirmaDigital", "MV2FirmaDigital\MV2FirmaDigital.csproj", "{55E60987-CB3E-47D1-9D74-670CC7D05B1E}"
EndProject
Global
	GlobalSection(SolutionConfigurationPlatforms) = preSolution
		Debug|Any CPU = Debug|Any CPU
		Release|Any CPU = Release|Any CPU
	EndGlobalSection
	GlobalSection(ProjectConfigurationPlatforms) = postSolution
		{A0F45430-6B5D-4642-8604-3F7FEBFCC58E}.Debug|Any CPU.ActiveCfg = Debug|Any CPU
		{A0F45430-6B5D-4642-8604-3F7FEBFCC58E}.Debug|Any CPU.Build.0 = Debug|Any CPU
		{A0F45430-6B5D-4642-8604-3F7FEBFCC58E}.Debug|Any CPU.Deploy.0 = Debug|Any CPU
		{A0F45430-6B5D-4642-8604-3F7FEBFCC58E}.Release|Any CPU.ActiveCfg = Release|Any CPU
		{A0F45430-6B5D-4642-8604-3F7FEBFCC58E}.Release|Any CPU.Build.0 = Release|Any CPU
		{A0F45430-6B5D-4642-8604-3F7FEBFCC58E}.Release|Any CPU.Deploy.0 = Release|Any CPU
		{55E60987-CB3E-47D1-9D74-670CC7D05B1E}.Debug|Any CPU.ActiveCfg = Debug|Any CPU
		{55E60987-CB3E-47D1-9D74-670CC7D05B1E}.Debug|Any CPU.Build.0 = Debug|Any CPU
		{55E60987-CB3E-47D1-9D74-670CC7D05B1E}.Debug|Any CPU.Deploy.0 = Debug|Any CPU
		{55E60987-CB3E-47D1-9D74-670CC7D05B1E}.Release|Any CPU.ActiveCfg = Release|Any CPU
		{55E60987-CB3E-47D1-9D74-670CC7D05B1E}.Release|Any CPU.Build.0 = Release|Any CPU
		{55E60987-CB3E-47D1-9D74-670CC7D05B1E}.Release|Any CPU.Deploy.0 = Release|Any CPU
	EndGlobalSection
	GlobalSection(SolutionProperties) = preSolution
		HideSolutionNode = FALSE
	EndGlobalSection
	GlobalSection(ExtensibilityGlobals) = postSolution
		SolutionGuid = {03622CFF-2332-4B91-BA74-EA4F6778AE31}
	EndGlobalSection
EndGlobal
